<Solution>
  <Folder Name="/src/">
    <Project Path="src/BookNThings.Application/BookNThings.Application.csproj" />
    <Project Path="src/BookNThings.Infrastructure/BookNThings.Infrastructure.csproj" />
    <Project Path="src/BookNThings.Web/BookNThings.Web.csproj" />
  </Folder>
  <Folder Name="/tests/">
    <Project Path="tests/BookNThings.Tests/BookNThings.Tests.csproj" />
  </Folder>
</Solution>
